{
  "name": "mocha-env-reporter",
  "version": "4.0.0",
  "lockfileVersion": 1,
  "requires": true,
  "dependencies": {
    "assertion-error": {
      "version": "1.1.0",
      "resolved": "https://repo.dev.wixpress.com/artifactory/api/npm/npm-repos/assertion-error/-/assertion-error-1.1.0.tgz",
      "integrity": "sha1-5gtrDo8wG9l+U3UhW9pAbIURjAs=",
      "dev": true
    },
    "balanced-match": {
      "version": "1.0.0",
      "resolved": "https://repo.dev.wixpress.com/artifactory/api/npm/npm-repos/balanced-match/-/balanced-match-1.0.0.tgz",
      "integrity": "sha1-ibTRmasr7kneFk6gK4nORi1xt2c="
    },
    "brace-expansion": {
      "version": "1.1.11",
      "resolved": "https://repo.dev.wixpress.com/artifactory/api/npm/npm-repos/brace-expansion/-/brace-expansion-1.1.11.tgz",
      "integrity": "sha1-PH/L9SnYcibz0vUrlm/1Jx60Qd0=",
      "requires": {
        "balanced-match": "^1.0.0",
        "concat-map": "0.0.1"
      }
    },
    "browser-stdout": {
      "version": "1.3.1",
      "resolved": "https://repo.dev.wixpress.com/artifactory/api/npm/npm-repos/browser-stdout/-/browser-stdout-1.3.1.tgz",
      "integrity": "sha1-uqVZ7hTO1zRSIputcyZGfGH6vWA="
    },
    "chai": {
      "version": "3.5.0",
      "resolved": "https://repo.dev.wixpress.com/artifactory/api/npm/npm-repos/chai/-/chai-3.5.0.tgz",
      "integrity": "sha1-TQJjewZ/6Vi9v906QOxW/vc3Mkc=",
      "dev": true,
      "requires": {
        "assertion-error": "^1.0.1",
        "deep-eql": "^0.1.3",
        "type-detect": "^1.0.0"
      }
    },
    "cli": {
      "version": "1.0.1",
      "resolved": "https://repo.dev.wixpress.com/artifactory/api/npm/npm-repos/cli/-/cli-1.0.1.tgz",
      "integrity": "sha1-IoF1NPJL+klQw01TLUjsvGIbjBQ=",
      "dev": true,
      "requires": {
        "exit": "0.1.2",
        "glob": "^7.1.1"
      }
    },
    "commander": {
      "version": "2.15.1",
      "resolved": "https://repo.dev.wixpress.com/artifactory/api/npm/npm-repos/commander/-/commander-2.15.1.tgz",
      "integrity": "sha1-30boZ9D8Kuxmo0ZitAapzK//Ww8="
    },
    "concat-map": {
      "version": "0.0.1",
      "resolved": "https://repo.dev.wixpress.com/artifactory/api/npm/npm-repos/concat-map/-/concat-map-0.0.1.tgz",
      "integrity": "sha1-2Klr13/Wjfd5OnMDajug1UBdR3s="
    },
    "console-browserify": {
      "version": "1.1.0",
      "resolved": "https://repo.dev.wixpress.com/artifactory/api/npm/npm-repos/console-browserify/-/console-browserify-1.1.0.tgz",
      "integrity": "sha1-8CQcRXMKn8YyOyBtvzjtx0HQuxA=",
      "dev": true,
      "requires": {
        "date-now": "^0.1.4"
      }
    },
    "core-util-is": {
      "version": "1.0.2",
      "resolved": "https://repo.dev.wixpress.com/artifactory/api/npm/npm-repos/core-util-is/-/core-util-is-1.0.2.tgz",
      "integrity": "sha1-tf1UIgqivFq1eqtxQMlAdUUDwac=",
      "dev": true
    },
    "date-now": {
      "version": "0.1.4",
      "resolved": "https://repo.dev.wixpress.com/artifactory/api/npm/npm-repos/date-now/-/date-now-0.1.4.tgz",
      "integrity": "sha1-6vQ5/U1ISK105cx9vvIAZyueNFs=",
      "dev": true
    },
    "debug": {
      "version": "3.1.0",
      "resolved": "https://repo.dev.wixpress.com/artifactory/api/npm/npm-repos/debug/-/debug-3.1.0.tgz",
      "integrity": "sha1-W7WgZyYotkFJVmuhaBnmFRjGcmE=",
      "requires": {
        "ms": "2.0.0"
      }
    },
    "deep-eql": {
      "version": "0.1.3",
      "resolved": "https://repo.dev.wixpress.com/artifactory/api/npm/npm-repos/deep-eql/-/deep-eql-0.1.3.tgz",
      "integrity": "sha1-71WKyrjeJSBs1xOQbXTlaTDrafI=",
      "dev": true,
      "requires": {
        "type-detect": "0.1.1"
      },
      "dependencies": {
        "type-detect": {
          "version": "0.1.1",
          "resolved": "https://repo.dev.wixpress.com/artifactory/api/npm/npm-repos/type-detect/-/type-detect-0.1.1.tgz",
          "integrity": "sha1-C6XsKohWQORw6k6FBZcZANrFiCI=",
          "dev": true
        }
      }
    },
    "diff": {
      "version": "4.0.1",
      "resolved": "https://registry.npmjs.org/diff/-/diff-4.0.1.tgz",
      "integrity": "sha512-s2+XdvhPCOF01LRQBC8hf4vhbVmI2CGS5aZnxLJlT5FtdhPCDFq80q++zK2KlrVorVDdL5BOGZ/VfLrVtYNF+Q=="
    },
    "dom-serializer": {
      "version": "0.1.1",
      "resolved": "https://repo.dev.wixpress.com/artifactory/api/npm/npm-repos/dom-serializer/-/dom-serializer-0.1.1.tgz",
      "integrity": "sha1-HsQFnihLq+027sKUHUqXChic58A=",
      "dev": true,
      "requires": {
        "domelementtype": "^1.3.0",
        "entities": "^1.1.1"
      },
      "dependencies": {
        "entities": {
          "version": "1.1.2",
          "resolved": "https://repo.dev.wixpress.com/artifactory/api/npm/npm-repos/entities/-/entities-1.1.2.tgz",
          "integrity": "sha1-vfpzUplmTfr9NFKe1PhSKidf6lY=",
          "dev": true
        }
      }
    },
    "domelementtype": {
      "version": "1.3.1",
      "resolved": "https://repo.dev.wixpress.com/artifactory/api/npm/npm-repos/domelementtype/-/domelementtype-1.3.1.tgz",
      "integrity": "sha1-0EjESzew0Qp/Kj1f7j9DM9eQSB8=",
      "dev": true
    },
    "domhandler": {
      "version": "2.3.0",
      "resolved": "https://repo.dev.wixpress.com/artifactory/api/npm/npm-repos/domhandler/-/domhandler-2.3.0.tgz",
      "integrity": "sha1-LeWaCCLVAn+r/28DLCsloqir5zg=",
      "dev": true,
      "requires": {
        "domelementtype": "1"
      }
    },
    "domutils": {
      "version": "1.5.1",
      "resolved": "https://repo.dev.wixpress.com/artifactory/api/npm/npm-repos/domutils/-/domutils-1.5.1.tgz",
      "integrity": "sha1-3NhIiib1Y9YQeeSMn3t+Mjc2gs8=",
      "dev": true,
      "requires": {
        "dom-serializer": "0",
        "domelementtype": "1"
      }
    },
    "entities": {
      "version": "1.0.0",
      "resolved": "https://repo.dev.wixpress.com/artifactory/api/npm/npm-repos/entities/-/entities-1.0.0.tgz",
      "integrity": "sha1-sph6o4ITR/zeZCsk/fyeT7cSvyY=",
      "dev": true
    },
    "escape-string-regexp": {
      "version": "1.0.5",
      "resolved": "https://repo.dev.wixpress.com/artifactory/api/npm/npm-repos/escape-string-regexp/-/escape-string-regexp-1.0.5.tgz",
      "integrity": "sha1-G2HAViGQqN/2rjuyzwIAyhMLhtQ="
    },
    "exit": {
      "version": "0.1.2",
      "resolved": "https://repo.dev.wixpress.com/artifactory/api/npm/npm-repos/exit/-/exit-0.1.2.tgz",
      "integrity": "sha1-BjJjj42HfMghB9MKD/8aF8uhzQw=",
      "dev": true
    },
    "fs.realpath": {
      "version": "1.0.0",
      "resolved": "https://repo.dev.wixpress.com/artifactory/api/npm/npm-repos/fs.realpath/-/fs.realpath-1.0.0.tgz",
      "integrity": "sha1-FQStJSMVjKpA20onh8sBQRmU6k8="
    },
    "glob": {
      "version": "7.1.2",
      "resolved": "https://repo.dev.wixpress.com/artifactory/api/npm/npm-repos/glob/-/glob-7.1.2.tgz",
      "integrity": "sha1-wZyd+aAocC1nhhI4SmVSQExjbRU=",
      "requires": {
        "fs.realpath": "^1.0.0",
        "inflight": "^1.0.4",
        "inherits": "2",
        "minimatch": "^3.0.4",
        "once": "^1.3.0",
        "path-is-absolute": "^1.0.0"
      }
    },
    "graceful-readlink": {
      "version": "1.0.1",
      "resolved": "https://repo.dev.wixpress.com/artifactory/api/npm/npm-repos/graceful-readlink/-/graceful-readlink-1.0.1.tgz",
      "integrity": "sha1-TK+tdrxi8C+gObL5Tpo906ORpyU=",
      "dev": true
    },
    "growl": {
      "version": "1.10.5",
      "resolved": "https://repo.dev.wixpress.com/artifactory/api/npm/npm-repos/growl/-/growl-1.10.5.tgz",
      "integrity": "sha1-8nNdwig2dPpnR4sQGBBZNVw2nl4="
    },
    "has-flag": {
      "version": "3.0.0",
      "resolved": "https://repo.dev.wixpress.com/artifactory/api/npm/npm-repos/has-flag/-/has-flag-3.0.0.tgz",
      "integrity": "sha1-tdRU3CGZriJWmfNGfloH87lVuv0="
    },
    "he": {
      "version": "1.1.1",
      "resolved": "https://repo.dev.wixpress.com/artifactory/api/npm/npm-repos/he/-/he-1.1.1.tgz",
      "integrity": "sha1-k0EP0hsAlzUVH4howvJx80J+I/0="
    },
    "htmlparser2": {
      "version": "3.8.3",
      "resolved": "https://repo.dev.wixpress.com/artifactory/api/npm/npm-repos/htmlparser2/-/htmlparser2-3.8.3.tgz",
      "integrity": "sha1-mWwosZFRaovoZQGn15dX5ccMEGg=",
      "dev": true,
      "requires": {
        "domelementtype": "1",
        "domhandler": "2.3",
        "domutils": "1.5",
        "entities": "1.0",
        "readable-stream": "1.1"
      }
    },
    "inflight": {
      "version": "1.0.6",
      "resolved": "https://repo.dev.wixpress.com/artifactory/api/npm/npm-repos/inflight/-/inflight-1.0.6.tgz",
      "integrity": "sha1-Sb1jMdfQLQwJvJEKEHW6gWW1bfk=",
      "requires": {
        "once": "^1.3.0",
        "wrappy": "1"
      }
    },
    "inherits": {
      "version": "2.0.3",
      "resolved": "https://repo.dev.wixpress.com/artifactory/api/npm/npm-repos/inherits/-/inherits-2.0.3.tgz",
      "integrity": "sha1-Yzwsg+PaQqUC9SRmAiSA9CCCYd4="
    },
    "interpret": {
      "version": "1.2.0",
      "resolved": "https://repo.dev.wixpress.com/artifactory/api/npm/npm-repos/interpret/-/interpret-1.2.0.tgz",
      "integrity": "sha1-1QYaYiS+WOgIOYX1AU2EQ1lXYpY=",
      "dev": true
    },
    "isarray": {
      "version": "0.0.1",
      "resolved": "https://repo.dev.wixpress.com/artifactory/api/npm/npm-repos/isarray/-/isarray-0.0.1.tgz",
      "integrity": "sha1-ihis/Kmo9Bd+Cav8YDiTmwXR7t8=",
      "dev": true
    },
    "jshint": {
      "version": "2.9.4",
      "resolved": "https://repo.dev.wixpress.com/artifactory/api/npm/npm-repos/jshint/-/jshint-2.9.4.tgz",
      "integrity": "sha1-XjupeEjVKQJz21FK7kf+JM9ZKTQ=",
      "dev": true,
      "requires": {
        "cli": "~1.0.0",
        "console-browserify": "1.1.x",
        "exit": "0.1.x",
        "htmlparser2": "3.8.x",
        "lodash": "3.7.x",
        "minimatch": "~3.0.2",
        "shelljs": "0.3.x",
        "strip-json-comments": "1.0.x"
      },
      "dependencies": {
        "shelljs": {
          "version": "0.3.0",
          "resolved": "https://repo.dev.wixpress.com/artifactory/api/npm/npm-repos/shelljs/-/shelljs-0.3.0.tgz",
          "integrity": "sha1-NZbmMHp4FUT1kfN9phg2DzHbV7E=",
          "dev": true
        }
      }
    },
    "json3": {
      "version": "3.3.2",
      "resolved": "https://repo.dev.wixpress.com/artifactory/api/npm/npm-repos/json3/-/json3-3.3.2.tgz",
      "integrity": "sha1-PAQ0dD35Pi9cQq7nsZvLSDV19OE=",
      "dev": true
    },
    "lodash": {
      "version": "3.7.0",
      "resolved": "https://repo.dev.wixpress.com/artifactory/api/npm/npm-repos/lodash/-/lodash-3.7.0.tgz",
      "integrity": "sha1-Nni9irmVBXwHreg27S7wh9qBHUU=",
      "dev": true
    },
    "lodash._baseassign": {
      "version": "3.2.0",
      "resolved": "https://repo.dev.wixpress.com/artifactory/api/npm/npm-repos/lodash._baseassign/-/lodash._baseassign-3.2.0.tgz",
      "integrity": "sha1-jDigmVAPIVrQnlnxci/QxSv+Ck4=",
      "dev": true,
      "requires": {
        "lodash._basecopy": "^3.0.0",
        "lodash.keys": "^3.0.0"
      }
    },
    "lodash._basecopy": {
      "version": "3.0.1",
      "resolved": "https://repo.dev.wixpress.com/artifactory/api/npm/npm-repos/lodash._basecopy/-/lodash._basecopy-3.0.1.tgz",
      "integrity": "sha1-jaDmqHbPNEwK2KVIghEd08XHyjY=",
      "dev": true
    },
    "lodash._basecreate": {
      "version": "3.0.3",
      "resolved": "https://repo.dev.wixpress.com/artifactory/api/npm/npm-repos/lodash._basecreate/-/lodash._basecreate-3.0.3.tgz",
      "integrity": "sha1-G8ZhYU2qf8MRt9A78WgGoCE8+CE=",
      "dev": true
    },
    "lodash._getnative": {
      "version": "3.9.1",
      "resolved": "https://repo.dev.wixpress.com/artifactory/api/npm/npm-repos/lodash._getnative/-/lodash._getnative-3.9.1.tgz",
      "integrity": "sha1-VwvH3t5G1hzc3mh9ZdPuy6o6r/U=",
      "dev": true
    },
    "lodash._isiterateecall": {
      "version": "3.0.9",
      "resolved": "https://repo.dev.wixpress.com/artifactory/api/npm/npm-repos/lodash._isiterateecall/-/lodash._isiterateecall-3.0.9.tgz",
      "integrity": "sha1-UgOte6Ql+uhCRg5pbbnPPmqsBXw=",
      "dev": true
    },
    "lodash.create": {
      "version": "3.1.1",
      "resolved": "https://repo.dev.wixpress.com/artifactory/api/npm/npm-repos/lodash.create/-/lodash.create-3.1.1.tgz",
      "integrity": "sha1-1/KEnw29p+BGgruM1yqwIkYd6+c=",
      "dev": true,
      "requires": {
        "lodash._baseassign": "^3.0.0",
        "lodash._basecreate": "^3.0.0",
        "lodash._isiterateecall": "^3.0.0"
      }
    },
    "lodash.isarguments": {
      "version": "3.1.0",
      "resolved": "https://repo.dev.wixpress.com/artifactory/api/npm/npm-repos/lodash.isarguments/-/lodash.isarguments-3.1.0.tgz",
      "integrity": "sha1-L1c9hcaiQon/AGY7SRwdM4/zRYo=",
      "dev": true
    },
    "lodash.isarray": {
      "version": "3.0.4",
      "resolved": "https://repo.dev.wixpress.com/artifactory/api/npm/npm-repos/lodash.isarray/-/lodash.isarray-3.0.4.tgz",
      "integrity": "sha1-eeTriMNqgSKvhvhEqpvNhRtfu1U=",
      "dev": true
    },
    "lodash.keys": {
      "version": "3.1.2",
      "resolved": "https://repo.dev.wixpress.com/artifactory/api/npm/npm-repos/lodash.keys/-/lodash.keys-3.1.2.tgz",
      "integrity": "sha1-TbwEcrFWvlCgsoaFXRvQsMZWCYo=",
      "dev": true,
      "requires": {
        "lodash._getnative": "^3.0.0",
        "lodash.isarguments": "^3.0.0",
        "lodash.isarray": "^3.0.0"
      }
    },
    "minimatch": {
      "version": "3.0.4",
      "resolved": "https://repo.dev.wixpress.com/artifactory/api/npm/npm-repos/minimatch/-/minimatch-3.0.4.tgz",
      "integrity": "sha1-UWbihkV/AzBgZL5Ul+jbsMPTIIM=",
      "requires": {
        "brace-expansion": "^1.1.7"
      }
    },
    "minimist": {
      "version": "0.0.8",
      "resolved": "https://repo.dev.wixpress.com/artifactory/api/npm/npm-repos/minimist/-/minimist-0.0.8.tgz",
      "integrity": "sha1-hX/Kv8M5fSYluCKCYuhqp6ARsF0="
    },
    "mkdirp": {
      "version": "0.5.1",
      "resolved": "https://repo.dev.wixpress.com/artifactory/api/npm/npm-repos/mkdirp/-/mkdirp-0.5.1.tgz",
      "integrity": "sha1-MAV0OOrGz3+MR2fzhkjWaX11yQM=",
      "requires": {
        "minimist": "0.0.8"
      }
    },
    "mocha": {
      "version": "3.1.2",
      "resolved": "https://repo.dev.wixpress.com/artifactory/api/npm/npm-repos/mocha/-/mocha-3.1.2.tgz",
      "integrity": "sha1-Ufk7Qyv34bF1/8Iog8zQvjLbprU=",
      "dev": true,
      "requires": {
        "browser-stdout": "1.3.0",
        "commander": "2.9.0",
        "debug": "2.2.0",
        "diff": "1.4.0",
        "escape-string-regexp": "1.0.5",
        "glob": "7.0.5",
        "growl": "1.9.2",
        "json3": "3.3.2",
        "lodash.create": "3.1.1",
        "mkdirp": "0.5.1",
        "supports-color": "3.1.2"
      },
      "dependencies": {
        "browser-stdout": {
          "version": "1.3.0",
          "resolved": "https://repo.dev.wixpress.com/artifactory/api/npm/npm-repos/browser-stdout/-/browser-stdout-1.3.0.tgz",
          "integrity": "sha1-81HTKWnTL6XXpVZxVCY9korjvR8=",
          "dev": true
        },
        "commander": {
          "version": "2.9.0",
          "resolved": "https://repo.dev.wixpress.com/artifactory/api/npm/npm-repos/commander/-/commander-2.9.0.tgz",
          "integrity": "sha1-nJkJQXbhIkDLItbFFGCYQA/g99Q=",
          "dev": true,
          "requires": {
            "graceful-readlink": ">= 1.0.0"
          }
        },
        "debug": {
          "version": "2.2.0",
          "resolved": "https://repo.dev.wixpress.com/artifactory/api/npm/npm-repos/debug/-/debug-2.2.0.tgz",
          "integrity": "sha1-+HBX6ZWxofauaklgZkE3vFbwOdo=",
          "dev": true,
          "requires": {
            "ms": "0.7.1"
          }
        },
        "diff": {
          "version": "1.4.0",
          "resolved": "https://repo.dev.wixpress.com/artifactory/api/npm/npm-repos/diff/-/diff-1.4.0.tgz",
          "integrity": "sha1-fyjS657nsVqX79ic5j3P2qPMur8=",
          "dev": true
        },
        "glob": {
          "version": "7.0.5",
          "resolved": "https://repo.dev.wixpress.com/artifactory/api/npm/npm-repos/glob/-/glob-7.0.5.tgz",
          "integrity": "sha1-tCAqaQmbu00pKnwblbZoK2fr3JU=",
          "dev": true,
          "requires": {
            "fs.realpath": "^1.0.0",
            "inflight": "^1.0.4",
            "inherits": "2",
            "minimatch": "^3.0.2",
            "once": "^1.3.0",
            "path-is-absolute": "^1.0.0"
          }
        },
        "growl": {
          "version": "1.9.2",
          "resolved": "https://repo.dev.wixpress.com/artifactory/api/npm/npm-repos/growl/-/growl-1.9.2.tgz",
          "integrity": "sha1-Dqd0NxXbjY3ixe3hd14bRayFwC8=",
          "dev": true
        },
        "has-flag": {
          "version": "1.0.0",
          "resolved": "https://repo.dev.wixpress.com/artifactory/api/npm/npm-repos/has-flag/-/has-flag-1.0.0.tgz",
          "integrity": "sha1-nZ55MWXOAXoA8AQYxD+UKnsdEfo=",
          "dev": true
        },
        "ms": {
          "version": "0.7.1",
          "resolved": "https://repo.dev.wixpress.com/artifactory/api/npm/npm-repos/ms/-/ms-0.7.1.tgz",
          "integrity": "sha1-nNE8A62/8ltl7/3nzoZO6VIBcJg=",
          "dev": true
        },
        "supports-color": {
          "version": "3.1.2",
          "resolved": "https://repo.dev.wixpress.com/artifactory/api/npm/npm-repos/supports-color/-/supports-color-3.1.2.tgz",
          "integrity": "sha1-cqJiiU2dQIuVbKBf83su2KbiotU=",
          "dev": true,
          "requires": {
            "has-flag": "^1.0.0"
          }
        }
      }
    },
    "mocha-bamboo-reporter": {
      "version": "1.1.2",
      "resolved": "https://repo.dev.wixpress.com/artifactory/api/npm/npm-repos/mocha-bamboo-reporter/-/mocha-bamboo-reporter-1.1.2.tgz",
      "integrity": "sha1-u9E929IniVtSI3KEo7dncEvX5xA="
    },
    "mocha-jenkins-reporter": {
      "version": "0.4.3",
      "resolved": "https://registry.npmjs.org/mocha-jenkins-reporter/-/mocha-jenkins-reporter-0.4.3.tgz",
      "integrity": "sha512-t6SLCAjNt+JwD3vr25CuOa91L+G3QxXcIltD1UuuwhtzAVNTiLFbjlzoGEadpgaZ3WgcVMNiVyazLc9PT82nwg==",
      "requires": {
        "diff": "4.0.1",
        "mkdirp": "^0.5.4",
        "xml": "^1.0.1"
      },
      "dependencies": {
        "minimist": {
          "version": "1.2.5",
          "resolved": "https://registry.npmjs.org/minimist/-/minimist-1.2.5.tgz",
          "integrity": "sha512-FM9nNUYrRBAELZQT3xeZQ7fmMOBg6nWNmJKTcgsJeaLstP/UODVpGsr5OhXhhXg6f+qtJ8uiZ+PUxkDWcgIXLw=="
        },
        "mkdirp": {
          "version": "0.5.5",
          "resolved": "https://registry.npmjs.org/mkdirp/-/mkdirp-0.5.5.tgz",
          "integrity": "sha512-NKmAlESf6jMGym1++R0Ra7wvhV+wFW63FaSOFPwRahvea0gMUcGUhVeAg/0BC0wiv9ih5NYPB1Wn1UEI1/L+xQ==",
          "requires": {
            "minimist": "^1.2.5"
          }
        }
      }
    },
    "mocha-teamcity-reporter": {
      "version": "2.5.2",
      "resolved": "https://repo.dev.wixpress.com/artifactory/api/npm/npm-repos/mocha-teamcity-reporter/-/mocha-teamcity-reporter-2.5.2.tgz",
      "integrity": "sha1-ck1Dt71xnOIpQ2vnlidEXHJzrZw=",
      "requires": {
        "mocha": ">=3.5.0 < 6"
      },
      "dependencies": {
        "diff": {
          "version": "3.5.0",
          "resolved": "https://repo.dev.wixpress.com/artifactory/api/npm/npm-repos/diff/-/diff-3.5.0.tgz",
          "integrity": "sha1-gAwN0eCov7yVg1wgKtIg/jF+WhI="
        },
        "mocha": {
          "version": "5.2.0",
          "resolved": "https://repo.dev.wixpress.com/artifactory/api/npm/npm-repos/mocha/-/mocha-5.2.0.tgz",
          "integrity": "sha1-bYrlCPWRZ/lA8rWzxKYSrlDJCuY=",
          "requires": {
            "browser-stdout": "1.3.1",
            "commander": "2.15.1",
            "debug": "3.1.0",
            "diff": "3.5.0",
            "escape-string-regexp": "1.0.5",
            "glob": "7.1.2",
            "growl": "1.10.5",
            "he": "1.1.1",
            "minimatch": "3.0.4",
            "mkdirp": "0.5.1",
            "supports-color": "5.4.0"
          }
        }
      }
    },
    "ms": {
      "version": "2.0.0",
      "resolved": "https://repo.dev.wixpress.com/artifactory/api/npm/npm-repos/ms/-/ms-2.0.0.tgz",
      "integrity": "sha1-VgiurfwAvmwpAd9fmGF4jeDVl8g="
    },
    "once": {
      "version": "1.4.0",
      "resolved": "https://repo.dev.wixpress.com/artifactory/api/npm/npm-repos/once/-/once-1.4.0.tgz",
      "integrity": "sha1-WDsap3WWHUsROsF9nFC6753Xa9E=",
      "requires": {
        "wrappy": "1"
      }
    },
    "path-is-absolute": {
      "version": "1.0.1",
      "resolved": "https://repo.dev.wixpress.com/artifactory/api/npm/npm-repos/path-is-absolute/-/path-is-absolute-1.0.1.tgz",
      "integrity": "sha1-F0uSaHNVNP+8es5r9TpanhtcX18="
    },
    "path-parse": {
      "version": "1.0.6",
      "resolved": "https://repo.dev.wixpress.com/artifactory/api/npm/npm-repos/path-parse/-/path-parse-1.0.6.tgz",
      "integrity": "sha1-1i27VnlAXXLEc37FhgDp3c8G0kw=",
      "dev": true
    },
    "readable-stream": {
      "version": "1.1.14",
      "resolved": "https://repo.dev.wixpress.com/artifactory/api/npm/npm-repos/readable-stream/-/readable-stream-1.1.14.tgz",
      "integrity": "sha1-fPTFTvZI44EwhMY23SB54WbAgdk=",
      "dev": true,
      "requires": {
        "core-util-is": "~1.0.0",
        "inherits": "~2.0.1",
        "isarray": "0.0.1",
        "string_decoder": "~0.10.x"
      }
    },
    "rechoir": {
      "version": "0.6.2",
      "resolved": "https://repo.dev.wixpress.com/artifactory/api/npm/npm-repos/rechoir/-/rechoir-0.6.2.tgz",
      "integrity": "sha1-hSBLVNuoLVdC4oyWdW70OvUOM4Q=",
      "dev": true,
      "requires": {
        "resolve": "^1.1.6"
      }
    },
    "resolve": {
      "version": "1.10.0",
      "resolved": "https://repo.dev.wixpress.com/artifactory/api/npm/npm-repos/resolve/-/resolve-1.10.0.tgz",
      "integrity": "sha1-O9qur0XMB/N1ZW39LlTtCBCxAbo=",
      "dev": true,
      "requires": {
        "path-parse": "^1.0.6"
      }
    },
    "shelljs": {
      "version": "0.7.4",
      "resolved": "https://repo.dev.wixpress.com/artifactory/api/npm/npm-repos/shelljs/-/shelljs-0.7.4.tgz",
      "integrity": "sha1-uPBLOnTd+v6iKs+Y4L5F3tU9Wcg=",
      "dev": true,
      "requires": {
        "glob": "^7.0.0",
        "interpret": "^1.0.0",
        "rechoir": "^0.6.2"
      }
    },
    "string_decoder": {
      "version": "0.10.31",
      "resolved": "https://repo.dev.wixpress.com/artifactory/api/npm/npm-repos/string_decoder/-/string_decoder-0.10.31.tgz",
      "integrity": "sha1-YuIDvEF2bGwoyfyEMB2rHFMQ+pQ=",
      "dev": true
    },
    "strip-json-comments": {
      "version": "1.0.4",
      "resolved": "https://repo.dev.wixpress.com/artifactory/api/npm/npm-repos/strip-json-comments/-/strip-json-comments-1.0.4.tgz",
      "integrity": "sha1-HhX7ysl9Pumb8tc7TGVrCCu6+5E=",
      "dev": true
    },
    "supports-color": {
      "version": "5.4.0",
      "resolved": "https://repo.dev.wixpress.com/artifactory/api/npm/npm-repos/supports-color/-/supports-color-5.4.0.tgz",
      "integrity": "sha1-HGszdALCE3YF7+GfEP7DkPb6q1Q=",
      "requires": {
        "has-flag": "^3.0.0"
      }
    },
    "type-detect": {
      "version": "1.0.0",
      "resolved": "https://repo.dev.wixpress.com/artifactory/api/npm/npm-repos/type-detect/-/type-detect-1.0.0.tgz",
      "integrity": "sha1-diIXzAbbJY7EiQihKY6LlRIejqI=",
      "dev": true
    },
    "wrappy": {
      "version": "1.0.2",
      "resolved": "https://repo.dev.wixpress.com/artifactory/api/npm/npm-repos/wrappy/-/wrappy-1.0.2.tgz",
      "integrity": "sha1-tSQ9jz7BqjXxNkYFvA0QNuMKtp8="
    },
    "xml": {
      "version": "1.0.1",
      "resolved": "https://registry.npmjs.org/xml/-/xml-1.0.1.tgz",
      "integrity": "sha1-eLpyAgApxbyHuKgaPPzXS0ovweU="
    }
  }
}
